github.com/andygello555/agem v1.0.2 h1:+WvErgnQYSmSZfviOnGbqn6HC2Z5Gkq4jPv5xLP7X3w=
github.com/andygello555/agem v1.0.2/go.mod h1:QX1Da5PpvjO8oujQ2oOIVOxsI63t2mwzGMg2w2vnbzM=
github.com/andygello555/gotils v1.2.7 h1:NSFyK0sONtQolSwybSmBUzkhp97GLuzl5fuTZX13RJU=
github.com/andygello555/gotils v1.2.7/go.mod h1:h4wJj0wIGDM2VxT87YnrFQC3S5TMebHrlCsivq8ysIw=
github.com/andygello555/gotils/v2 v2.2.0 h1:cuxHYiIfqJpmozNhRoxsNGVmzCFLiqI4yibT2674K3c=
github.com/andygello555/gotils/v2 v2.2.0/go.mod h1:w+9GpBTgvBubwl3lrzmE3dUDBagzQQ+R35W9p92dAnY=
github.com/andygello555/gotils/v2 v2.3.0 h1:5pvHfAb0Yn+Xewgod7vNrYoGW9k+zp84SGrAwL7FEFs=
github.com/andygello555/gotils/v2 v2.3.0/go.mod h1:w+9GpBTgvBubwl3lrzmE3dUDBagzQQ+R35W9p92dAnY=
github.com/andygello555/gotils/v2 v2.4.0 h1:Q2TMwAbdxi2CMUpHWdERFHDz3J5eE+wJPaeAeYIXMJs=
github.com/andygello555/gotils/v2 v2.4.0/go.mod h1:w+9GpBTgvBubwl3lrzmE3dUDBagzQQ+R35W9p92dAnY=
github.com/andygello555/gotils/v2 v2.4.2 h1:udTgbvT2CNavp6B7l9ZEif4oIsbGFGli43SVABMr5iw=
github.com/andygello555/gotils/v2 v2.4.2/go.mod h1:uSg8Ls0TbupkPTWJdd9l5TECdzWmpQ/D5SU89nxbv5I=
github.com/deckarep/golang-set v1.8.0 h1:sk9/l/KqpunDwP7pSjUg0keiOOLEnOBHzykLrsPppp4=
github.com/deckarep/golang-set v1.8.0/go.mod h1:5nI87KwE7wgsBU1F4GKAw2Qod7p5kyS383rP6+o6qqo=
github.com/deckarep/golang-set/v2 v2.3.0 h1:qs18EKUfHm2X9fA50Mr/M5hccg2tNnVqsiBImnyDs0g=
github.com/deckarep/golang-set/v2 v2.3.0/go.mod h1:VAky9rY/yGXJOLEDv3OMci+7wtDpOF4IN+y82NBOac4=
github.com/go-test/deep v1.0.7 h1:/VSMRlnY/JSyqxQUzQLKVMAskpY/NZKFA5j2P+0pP2M=
github.com/go-test/deep v1.0.7/go.mod h1:QV8Hv/iy04NyLBxAdO9njL0iVPN1S4d/A3NVv1V36o8=
github.com/google/uuid v1.3.0 h1:t6JiXgmwXMjEs8VusXIJk2BXHsn+wx8BZdTaoZ5fu7I=
github.com/google/uuid v1.3.0/go.mod h1:TIyPZe4MgqvfeYDBFedMoGGpEw/LqOeaOT+nhxU+yHo=
github.com/mitchellh/hashstructure/v2 v2.0.2 h1:vGKWl0YJqUNxE8d+h8f6NJLcCJrgbhC4NcD46KavDd4=
github.com/mitchellh/hashstructure/v2 v2.0.2/go.mod h1:MG3aRVU/N29oo/V/IhBX8GR/zz4kQkprJgF2EVszyDE=
github.com/pkg/errors v0.9.1 h1:FEBLx1zS214owpjy7qsBeixbURkuhQAwrK5UwLGTwt4=
github.com/pkg/errors v0.9.1/go.mod h1:bwawxfHBFNV+L2hUp1rHADufV3IMtnDRdf1r5NINEl0=
golang.org/x/exp v0.0.0-20230111222715-75897c7a292a h1:/YWeLOBWYV5WAQORVPkZF3Pq9IppkcT72GKnWjNf5W8=
golang.org/x/exp v0.0.0-20230111222715-75897c7a292a/go.mod h1:CxIveKay+FTh1D0yPZemJVgC/95VzuuOLq5Qi4xnoYc=
